
Microsoft Visual Studio Solution File, Format Version 12.00
# Visual Studio 2013
VisualStudioVersion = 12.0.31101.0
MinimumVisualStudioVersion = 10.0.40219.1
Project("{FAE04EC0-301F-11D3-BF4B-00C04F79EFBC}") = "BoytrixWpf", "BoytrixWpf\BoytrixWpf.csproj", "{F06DB4CD-85B5-438E-8EBB-3115AC52C6DF}"
EndProject
Project("{2150E333-8FDC-42A3-9474-1A3956D46DE8}") = "1.Presentation", "1.Presentation", "{A72B82A0-3A52-45B8-88F1-A72B56E1539B}"
EndProject
Project("{2150E333-8FDC-42A3-9474-1A3956D46DE8}") = "2.Logic", "2.Logic", "{73AB458F-46D4-46F9-9411-E1FDF407F69F}"
EndProject
Project("{2150E333-8FDC-42A3-9474-1A3956D46DE8}") = "3.Data", "3.Data", "{C67CFBF4-5519-4B35-BA67-928A9FFDF0F4}"
EndProject
Project("{2150E333-8FDC-42A3-9474-1A3956D46DE8}") = "Business", "Business", "{9DEC0D0B-C9DE-4489-B693-32B14038BE95}"
EndProject
Project("{2150E333-8FDC-42A3-9474-1A3956D46DE8}") = "DataTransfer", "DataTransfer", "{ECDE923C-8ED5-4FBD-B39F-1F9F195B6A65}"
EndProject
Project("{2150E333-8FDC-42A3-9474-1A3956D46DE8}") = "Services", "Services", "{06A25376-3BF8-49FF-A181-17380389FD15}"
EndProject
Project("{2150E333-8FDC-42A3-9474-1A3956D46DE8}") = "DAL", "DAL", "{C4BC1CE2-062C-476E-8E29-023BCD5EBA48}"
EndProject
Project("{2150E333-8FDC-42A3-9474-1A3956D46DE8}") = "UI", "UI", "{B16D7A32-006A-4F62-B4F6-F104BA223D2F}"
EndProject
Project("{2150E333-8FDC-42A3-9474-1A3956D46DE8}") = "Common", "Common", "{C8313329-4FCE-49A0-9CDD-FFD9A91CB84A}"
EndProject
Project("{2150E333-8FDC-42A3-9474-1A3956D46DE8}") = "WPF", "WPF", "{E337C52A-C599-432F-B94B-E0ACE18E095B}"
EndProject
Project("{2150E333-8FDC-42A3-9474-1A3956D46DE8}") = "Silverlight", "Silverlight", "{6727FB04-C45F-4716-83D3-47B6514EE1FA}"
EndProject
Project("{2150E333-8FDC-42A3-9474-1A3956D46DE8}") = "ASP", "ASP", "{DCB386DD-53F3-4822-BB47-335952B1C657}"
EndProject
Project("{2150E333-8FDC-42A3-9474-1A3956D46DE8}") = "Libararies", "Libararies", "{266C89BD-EE25-4919-84D9-ED7330C9D660}"
EndProject
Project("{2150E333-8FDC-42A3-9474-1A3956D46DE8}") = "BoytrixModules", "BoytrixModules", "{1913D7A3-625C-4FAE-B416-B8BB3FC17B3B}"
EndProject
Project("{FAE04EC0-301F-11D3-BF4B-00C04F79EFBC}") = "Base", "Base\Base.csproj", "{CFD43833-1619-433C-83E6-87126B1CB3F3}"
EndProject
Project("{FAE04EC0-301F-11D3-BF4B-00C04F79EFBC}") = "Stock", "Stock\Stock.csproj", "{C477C15F-CE34-43F0-8700-9856EB5A310E}"
EndProject
Project("{FAE04EC0-301F-11D3-BF4B-00C04F79EFBC}") = "Purchasing", "Purchasing\Purchasing.csproj", "{D42C39D0-6FAE-4043-A36A-3B225A9FF520}"
EndProject
Project("{FAE04EC0-301F-11D3-BF4B-00C04F79EFBC}") = "Product", "Product\Product.csproj", "{1603D4B3-A999-44BF-B2F3-30BEA516A967}"
EndProject
Project("{FAE04EC0-301F-11D3-BF4B-00C04F79EFBC}") = "Order", "Orders\Order.csproj", "{AE6DB8C7-9469-4BE2-88CE-CCB73AC053C5}"
EndProject
Project("{2150E333-8FDC-42A3-9474-1A3956D46DE8}") = "Common", "Common", "{83404A58-49B4-42E4-B6B2-BDFB2C0F545A}"
EndProject
Project("{2150E333-8FDC-42A3-9474-1A3956D46DE8}") = "WCF", "WCF", "{912FC63C-AB1B-4205-9B47-B7510B33DE27}"
EndProject
Project("{2150E333-8FDC-42A3-9474-1A3956D46DE8}") = "Admin", "Admin", "{8AD4E961-5225-4ABE-ADD0-1218FF4DD112}"
EndProject
Project("{2150E333-8FDC-42A3-9474-1A3956D46DE8}") = "Platform", "Platform", "{C02F4828-D591-4645-AA98-01DFF897449F}"
EndProject
Project("{2150E333-8FDC-42A3-9474-1A3956D46DE8}") = "BoytrixModules", "BoytrixModules", "{246AE8A0-BD47-4C3B-962D-B688F9A3B94B}"
EndProject
Project("{FAE04EC0-301F-11D3-BF4B-00C04F79EFBC}") = "SharedInterface", "SharedInterface\SharedInterface.csproj", "{0A3F0E78-D784-4EB3-BDF7-27D8A02C9ACC}"
EndProject
Project("{FAE04EC0-301F-11D3-BF4B-00C04F79EFBC}") = "AdminService", "AdminService\AdminService.csproj", "{B00ED1C8-95A5-4BB8-B614-AF01A9D3CDBD}"
EndProject
Project("{FAE04EC0-301F-11D3-BF4B-00C04F79EFBC}") = "UserService", "UserService\UserService.csproj", "{DB2C12F1-5560-4D1E-96BD-8D18F42E365E}"
EndProject
Project("{FAE04EC0-301F-11D3-BF4B-00C04F79EFBC}") = "FrameworkService", "FrameworkService\FrameworkService.csproj", "{BB991667-2CCA-4D4F-9F02-0AB2D802A08E}"
EndProject
Project("{FAE04EC0-301F-11D3-BF4B-00C04F79EFBC}") = "StockService", "StockService\StockService.csproj", "{8699350F-7487-4A71-98E4-D905C009A78D}"
EndProject
Project("{FAE04EC0-301F-11D3-BF4B-00C04F79EFBC}") = "ProductService", "ProductService\ProductService.csproj", "{9ACC9391-82C8-499D-9728-8C1E08F56D2C}"
EndProject
Project("{FAE04EC0-301F-11D3-BF4B-00C04F79EFBC}") = "OrderService", "OrderService\OrderService.csproj", "{0F8CA26E-F8B8-46AA-8480-C539AF9B1F1A}"
EndProject
Project("{FAE04EC0-301F-11D3-BF4B-00C04F79EFBC}") = "PurchasingService", "PurchasingService\PurchasingService.csproj", "{68A7DCDB-F46F-4A2D-993B-A6FEB2CAE702}"
EndProject
Project("{FAE04EC0-301F-11D3-BF4B-00C04F79EFBC}") = "DataAccess", "DataAccess\DataAccess.csproj", "{97155D08-E9BA-4A6F-91B9-11C6A6D6F0D1}"
EndProject
Project("{FAE04EC0-301F-11D3-BF4B-00C04F79EFBC}") = "Materializer", "Proxy\Materializer.csproj", "{20E8DF0D-D96E-49C4-A684-D915301895E2}"
	ProjectSection(ProjectDependencies) = postProject
		{BB991667-2CCA-4D4F-9F02-0AB2D802A08E} = {BB991667-2CCA-4D4F-9F02-0AB2D802A08E}
		{0F8CA26E-F8B8-46AA-8480-C539AF9B1F1A} = {0F8CA26E-F8B8-46AA-8480-C539AF9B1F1A}
		{B00ED1C8-95A5-4BB8-B614-AF01A9D3CDBD} = {B00ED1C8-95A5-4BB8-B614-AF01A9D3CDBD}
		{DB2C12F1-5560-4D1E-96BD-8D18F42E365E} = {DB2C12F1-5560-4D1E-96BD-8D18F42E365E}
	EndProjectSection
EndProject
Project("{FAE04EC0-301F-11D3-BF4B-00C04F79EFBC}") = "Repository", "Repository\Repository.csproj", "{D5906D7B-0C40-4C0B-940D-7419FA5E85CE}"
EndProject
Project("{FAE04EC0-301F-11D3-BF4B-00C04F79EFBC}") = "Utilities", "Utilities\Utilities.csproj", "{79443717-EF4A-4F45-93A2-3B3DCA7161EE}"
EndProject
Project("{FAE04EC0-301F-11D3-BF4B-00C04F79EFBC}") = "Report", "Report\Report.csproj", "{424CD13C-078C-4493-84CF-C4C27B04231B}"
EndProject
Project("{FAE04EC0-301F-11D3-BF4B-00C04F79EFBC}") = "Platform", "Platform\Platform.csproj", "{717CD14F-ADB4-4C0E-8AB2-4FA20374A101}"
EndProject
Project("{FAE04EC0-301F-11D3-BF4B-00C04F79EFBC}") = "Login", "Login\Login.csproj", "{1E570B10-FDC9-4D6C-863B-BEAD935F92DD}"
EndProject
Project("{FAE04EC0-301F-11D3-BF4B-00C04F79EFBC}") = "Common", "Common\Common.csproj", "{CAC5D1ED-36F3-4DFD-B939-A6A1EDA5A1C7}"
EndProject
Project("{2150E333-8FDC-42A3-9474-1A3956D46DE8}") = "Proxies", "Proxies", "{479523B3-AB5E-434D-82B3-12C48E3A18F4}"
EndProject
Project("{FAE04EC0-301F-11D3-BF4B-00C04F79EFBC}") = "Supplier", "Supplier\Supplier.csproj", "{612006C3-C9A8-4C3D-A3B5-A7600857C257}"
EndProject
Project("{FAE04EC0-301F-11D3-BF4B-00C04F79EFBC}") = "Warehouse", "Warehouse\Warehouse.csproj", "{CBE3ABE8-D98E-4E8B-A9CA-3B5F8FF0A312}"
EndProject
Project("{2150E333-8FDC-42A3-9474-1A3956D46DE8}") = "Authentication", "Authentication", "{220CDAAE-8FEF-436B-9691-9098A5A510C6}"
EndProject
Project("{FAE04EC0-301F-11D3-BF4B-00C04F79EFBC}") = "ValidationService", "ValidationService\ValidationService.csproj", "{24B8B155-4BFE-49C9-BC62-29EC9E0A748C}"
EndProject
Project("{FAE04EC0-301F-11D3-BF4B-00C04F79EFBC}") = "ImageService", "ImageService\ImageService.csproj", "{624D5CF0-49CF-4632-BED1-A59DBA8E9A66}"
EndProject
Project("{2150E333-8FDC-42A3-9474-1A3956D46DE8}") = "0.Main", "0.Main", "{B7B5CDCA-505C-4794-896D-DEFAFD80A747}"
EndProject
Project("{2150E333-8FDC-42A3-9474-1A3956D46DE8}") = "External Dlls", "External Dlls", "{07AC7517-BD2B-4748-9C83-9B4BF5A2E888}"
EndProject
Project("{FAE04EC0-301F-11D3-BF4B-00C04F79EFBC}") = "Model", "Model\Model.csproj", "{1DA1D871-10CB-40EE-85D2-3671EA306721}"
EndProject
Project("{2150E333-8FDC-42A3-9474-1A3956D46DE8}") = "Architecture", "Architecture", "{1E42C23F-D9DB-4565-A77F-AC17106FC812}"
EndProject
Global
	GlobalSection(SolutionConfigurationPlatforms) = preSolution
		Debug|Any CPU = Debug|Any CPU
		Release|Any CPU = Release|Any CPU
	EndGlobalSection
	GlobalSection(ProjectConfigurationPlatforms) = postSolution
		{F06DB4CD-85B5-438E-8EBB-3115AC52C6DF}.Debug|Any CPU.ActiveCfg = Debug|Any CPU
		{F06DB4CD-85B5-438E-8EBB-3115AC52C6DF}.Debug|Any CPU.Build.0 = Debug|Any CPU
		{F06DB4CD-85B5-438E-8EBB-3115AC52C6DF}.Release|Any CPU.ActiveCfg = Release|Any CPU
		{F06DB4CD-85B5-438E-8EBB-3115AC52C6DF}.Release|Any CPU.Build.0 = Release|Any CPU
		{CFD43833-1619-433C-83E6-87126B1CB3F3}.Debug|Any CPU.ActiveCfg = Debug|Any CPU
		{CFD43833-1619-433C-83E6-87126B1CB3F3}.Debug|Any CPU.Build.0 = Debug|Any CPU
		{CFD43833-1619-433C-83E6-87126B1CB3F3}.Release|Any CPU.ActiveCfg = Release|Any CPU
		{CFD43833-1619-433C-83E6-87126B1CB3F3}.Release|Any CPU.Build.0 = Release|Any CPU
		{C477C15F-CE34-43F0-8700-9856EB5A310E}.Debug|Any CPU.ActiveCfg = Debug|Any CPU
		{C477C15F-CE34-43F0-8700-9856EB5A310E}.Debug|Any CPU.Build.0 = Debug|Any CPU
		{C477C15F-CE34-43F0-8700-9856EB5A310E}.Release|Any CPU.ActiveCfg = Release|Any CPU
		{C477C15F-CE34-43F0-8700-9856EB5A310E}.Release|Any CPU.Build.0 = Release|Any CPU
		{D42C39D0-6FAE-4043-A36A-3B225A9FF520}.Debug|Any CPU.ActiveCfg = Debug|Any CPU
		{D42C39D0-6FAE-4043-A36A-3B225A9FF520}.Debug|Any CPU.Build.0 = Debug|Any CPU
		{D42C39D0-6FAE-4043-A36A-3B225A9FF520}.Release|Any CPU.ActiveCfg = Release|Any CPU
		{D42C39D0-6FAE-4043-A36A-3B225A9FF520}.Release|Any CPU.Build.0 = Release|Any CPU
		{1603D4B3-A999-44BF-B2F3-30BEA516A967}.Debug|Any CPU.ActiveCfg = Debug|Any CPU
		{1603D4B3-A999-44BF-B2F3-30BEA516A967}.Debug|Any CPU.Build.0 = Debug|Any CPU
		{1603D4B3-A999-44BF-B2F3-30BEA516A967}.Release|Any CPU.ActiveCfg = Release|Any CPU
		{1603D4B3-A999-44BF-B2F3-30BEA516A967}.Release|Any CPU.Build.0 = Release|Any CPU
		{AE6DB8C7-9469-4BE2-88CE-CCB73AC053C5}.Debug|Any CPU.ActiveCfg = Debug|Any CPU
		{AE6DB8C7-9469-4BE2-88CE-CCB73AC053C5}.Debug|Any CPU.Build.0 = Debug|Any CPU
		{AE6DB8C7-9469-4BE2-88CE-CCB73AC053C5}.Release|Any CPU.ActiveCfg = Release|Any CPU
		{AE6DB8C7-9469-4BE2-88CE-CCB73AC053C5}.Release|Any CPU.Build.0 = Release|Any CPU
		{0A3F0E78-D784-4EB3-BDF7-27D8A02C9ACC}.Debug|Any CPU.ActiveCfg = Debug|Any CPU
		{0A3F0E78-D784-4EB3-BDF7-27D8A02C9ACC}.Debug|Any CPU.Build.0 = Debug|Any CPU
		{0A3F0E78-D784-4EB3-BDF7-27D8A02C9ACC}.Release|Any CPU.ActiveCfg = Release|Any CPU
		{0A3F0E78-D784-4EB3-BDF7-27D8A02C9ACC}.Release|Any CPU.Build.0 = Release|Any CPU
		{B00ED1C8-95A5-4BB8-B614-AF01A9D3CDBD}.Debug|Any CPU.ActiveCfg = Debug|Any CPU
		{B00ED1C8-95A5-4BB8-B614-AF01A9D3CDBD}.Debug|Any CPU.Build.0 = Debug|Any CPU
		{B00ED1C8-95A5-4BB8-B614-AF01A9D3CDBD}.Release|Any CPU.ActiveCfg = Release|Any CPU
		{B00ED1C8-95A5-4BB8-B614-AF01A9D3CDBD}.Release|Any CPU.Build.0 = Release|Any CPU
		{DB2C12F1-5560-4D1E-96BD-8D18F42E365E}.Debug|Any CPU.ActiveCfg = Debug|Any CPU
		{DB2C12F1-5560-4D1E-96BD-8D18F42E365E}.Debug|Any CPU.Build.0 = Debug|Any CPU
		{DB2C12F1-5560-4D1E-96BD-8D18F42E365E}.Release|Any CPU.ActiveCfg = Release|Any CPU
		{DB2C12F1-5560-4D1E-96BD-8D18F42E365E}.Release|Any CPU.Build.0 = Release|Any CPU
		{BB991667-2CCA-4D4F-9F02-0AB2D802A08E}.Debug|Any CPU.ActiveCfg = Debug|Any CPU
		{BB991667-2CCA-4D4F-9F02-0AB2D802A08E}.Debug|Any CPU.Build.0 = Debug|Any CPU
		{BB991667-2CCA-4D4F-9F02-0AB2D802A08E}.Release|Any CPU.ActiveCfg = Release|Any CPU
		{BB991667-2CCA-4D4F-9F02-0AB2D802A08E}.Release|Any CPU.Build.0 = Release|Any CPU
		{8699350F-7487-4A71-98E4-D905C009A78D}.Debug|Any CPU.ActiveCfg = Debug|Any CPU
		{8699350F-7487-4A71-98E4-D905C009A78D}.Debug|Any CPU.Build.0 = Debug|Any CPU
		{8699350F-7487-4A71-98E4-D905C009A78D}.Release|Any CPU.ActiveCfg = Release|Any CPU
		{8699350F-7487-4A71-98E4-D905C009A78D}.Release|Any CPU.Build.0 = Release|Any CPU
		{9ACC9391-82C8-499D-9728-8C1E08F56D2C}.Debug|Any CPU.ActiveCfg = Debug|Any CPU
		{9ACC9391-82C8-499D-9728-8C1E08F56D2C}.Debug|Any CPU.Build.0 = Debug|Any CPU
		{9ACC9391-82C8-499D-9728-8C1E08F56D2C}.Release|Any CPU.ActiveCfg = Release|Any CPU
		{9ACC9391-82C8-499D-9728-8C1E08F56D2C}.Release|Any CPU.Build.0 = Release|Any CPU
		{0F8CA26E-F8B8-46AA-8480-C539AF9B1F1A}.Debug|Any CPU.ActiveCfg = Debug|Any CPU
		{0F8CA26E-F8B8-46AA-8480-C539AF9B1F1A}.Debug|Any CPU.Build.0 = Debug|Any CPU
		{0F8CA26E-F8B8-46AA-8480-C539AF9B1F1A}.Release|Any CPU.ActiveCfg = Release|Any CPU
		{0F8CA26E-F8B8-46AA-8480-C539AF9B1F1A}.Release|Any CPU.Build.0 = Release|Any CPU
		{68A7DCDB-F46F-4A2D-993B-A6FEB2CAE702}.Debug|Any CPU.ActiveCfg = Debug|Any CPU
		{68A7DCDB-F46F-4A2D-993B-A6FEB2CAE702}.Debug|Any CPU.Build.0 = Debug|Any CPU
		{68A7DCDB-F46F-4A2D-993B-A6FEB2CAE702}.Release|Any CPU.ActiveCfg = Release|Any CPU
		{68A7DCDB-F46F-4A2D-993B-A6FEB2CAE702}.Release|Any CPU.Build.0 = Release|Any CPU
		{97155D08-E9BA-4A6F-91B9-11C6A6D6F0D1}.Debug|Any CPU.ActiveCfg = Debug|Any CPU
		{97155D08-E9BA-4A6F-91B9-11C6A6D6F0D1}.Debug|Any CPU.Build.0 = Debug|Any CPU
		{97155D08-E9BA-4A6F-91B9-11C6A6D6F0D1}.Release|Any CPU.ActiveCfg = Release|Any CPU
		{97155D08-E9BA-4A6F-91B9-11C6A6D6F0D1}.Release|Any CPU.Build.0 = Release|Any CPU
		{20E8DF0D-D96E-49C4-A684-D915301895E2}.Debug|Any CPU.ActiveCfg = Debug|Any CPU
		{20E8DF0D-D96E-49C4-A684-D915301895E2}.Debug|Any CPU.Build.0 = Debug|Any CPU
		{20E8DF0D-D96E-49C4-A684-D915301895E2}.Release|Any CPU.ActiveCfg = Release|Any CPU
		{20E8DF0D-D96E-49C4-A684-D915301895E2}.Release|Any CPU.Build.0 = Release|Any CPU
		{D5906D7B-0C40-4C0B-940D-7419FA5E85CE}.Debug|Any CPU.ActiveCfg = Debug|Any CPU
		{D5906D7B-0C40-4C0B-940D-7419FA5E85CE}.Debug|Any CPU.Build.0 = Debug|Any CPU
		{D5906D7B-0C40-4C0B-940D-7419FA5E85CE}.Release|Any CPU.ActiveCfg = Release|Any CPU
		{D5906D7B-0C40-4C0B-940D-7419FA5E85CE}.Release|Any CPU.Build.0 = Release|Any CPU
		{79443717-EF4A-4F45-93A2-3B3DCA7161EE}.Debug|Any CPU.ActiveCfg = Debug|Any CPU
		{79443717-EF4A-4F45-93A2-3B3DCA7161EE}.Debug|Any CPU.Build.0 = Debug|Any CPU
		{79443717-EF4A-4F45-93A2-3B3DCA7161EE}.Release|Any CPU.ActiveCfg = Release|Any CPU
		{79443717-EF4A-4F45-93A2-3B3DCA7161EE}.Release|Any CPU.Build.0 = Release|Any CPU
		{424CD13C-078C-4493-84CF-C4C27B04231B}.Debug|Any CPU.ActiveCfg = Debug|Any CPU
		{424CD13C-078C-4493-84CF-C4C27B04231B}.Debug|Any CPU.Build.0 = Debug|Any CPU
		{424CD13C-078C-4493-84CF-C4C27B04231B}.Release|Any CPU.ActiveCfg = Release|Any CPU
		{424CD13C-078C-4493-84CF-C4C27B04231B}.Release|Any CPU.Build.0 = Release|Any CPU
		{717CD14F-ADB4-4C0E-8AB2-4FA20374A101}.Debug|Any CPU.ActiveCfg = Debug|Any CPU
		{717CD14F-ADB4-4C0E-8AB2-4FA20374A101}.Debug|Any CPU.Build.0 = Debug|Any CPU
		{717CD14F-ADB4-4C0E-8AB2-4FA20374A101}.Release|Any CPU.ActiveCfg = Release|Any CPU
		{717CD14F-ADB4-4C0E-8AB2-4FA20374A101}.Release|Any CPU.Build.0 = Release|Any CPU
		{1E570B10-FDC9-4D6C-863B-BEAD935F92DD}.Debug|Any CPU.ActiveCfg = Debug|Any CPU
		{1E570B10-FDC9-4D6C-863B-BEAD935F92DD}.Debug|Any CPU.Build.0 = Debug|Any CPU
		{1E570B10-FDC9-4D6C-863B-BEAD935F92DD}.Release|Any CPU.ActiveCfg = Release|Any CPU
		{1E570B10-FDC9-4D6C-863B-BEAD935F92DD}.Release|Any CPU.Build.0 = Release|Any CPU
		{CAC5D1ED-36F3-4DFD-B939-A6A1EDA5A1C7}.Debug|Any CPU.ActiveCfg = Debug|Any CPU
		{CAC5D1ED-36F3-4DFD-B939-A6A1EDA5A1C7}.Debug|Any CPU.Build.0 = Debug|Any CPU
		{CAC5D1ED-36F3-4DFD-B939-A6A1EDA5A1C7}.Release|Any CPU.ActiveCfg = Release|Any CPU
		{CAC5D1ED-36F3-4DFD-B939-A6A1EDA5A1C7}.Release|Any CPU.Build.0 = Release|Any CPU
		{612006C3-C9A8-4C3D-A3B5-A7600857C257}.Debug|Any CPU.ActiveCfg = Debug|Any CPU
		{612006C3-C9A8-4C3D-A3B5-A7600857C257}.Debug|Any CPU.Build.0 = Debug|Any CPU
		{612006C3-C9A8-4C3D-A3B5-A7600857C257}.Release|Any CPU.ActiveCfg = Release|Any CPU
		{612006C3-C9A8-4C3D-A3B5-A7600857C257}.Release|Any CPU.Build.0 = Release|Any CPU
		{CBE3ABE8-D98E-4E8B-A9CA-3B5F8FF0A312}.Debug|Any CPU.ActiveCfg = Debug|Any CPU
		{CBE3ABE8-D98E-4E8B-A9CA-3B5F8FF0A312}.Debug|Any CPU.Build.0 = Debug|Any CPU
		{CBE3ABE8-D98E-4E8B-A9CA-3B5F8FF0A312}.Release|Any CPU.ActiveCfg = Release|Any CPU
		{CBE3ABE8-D98E-4E8B-A9CA-3B5F8FF0A312}.Release|Any CPU.Build.0 = Release|Any CPU
		{24B8B155-4BFE-49C9-BC62-29EC9E0A748C}.Debug|Any CPU.ActiveCfg = Debug|Any CPU
		{24B8B155-4BFE-49C9-BC62-29EC9E0A748C}.Debug|Any CPU.Build.0 = Debug|Any CPU
		{24B8B155-4BFE-49C9-BC62-29EC9E0A748C}.Release|Any CPU.ActiveCfg = Release|Any CPU
		{24B8B155-4BFE-49C9-BC62-29EC9E0A748C}.Release|Any CPU.Build.0 = Release|Any CPU
		{624D5CF0-49CF-4632-BED1-A59DBA8E9A66}.Debug|Any CPU.ActiveCfg = Debug|Any CPU
		{624D5CF0-49CF-4632-BED1-A59DBA8E9A66}.Debug|Any CPU.Build.0 = Debug|Any CPU
		{624D5CF0-49CF-4632-BED1-A59DBA8E9A66}.Release|Any CPU.ActiveCfg = Release|Any CPU
		{624D5CF0-49CF-4632-BED1-A59DBA8E9A66}.Release|Any CPU.Build.0 = Release|Any CPU
		{1DA1D871-10CB-40EE-85D2-3671EA306721}.Debug|Any CPU.ActiveCfg = Debug|Any CPU
		{1DA1D871-10CB-40EE-85D2-3671EA306721}.Debug|Any CPU.Build.0 = Debug|Any CPU
		{1DA1D871-10CB-40EE-85D2-3671EA306721}.Release|Any CPU.ActiveCfg = Release|Any CPU
		{1DA1D871-10CB-40EE-85D2-3671EA306721}.Release|Any CPU.Build.0 = Release|Any CPU
	EndGlobalSection
	GlobalSection(SolutionProperties) = preSolution
		HideSolutionNode = FALSE
	EndGlobalSection
	GlobalSection(NestedProjects) = preSolution
		{F06DB4CD-85B5-438E-8EBB-3115AC52C6DF} = {B7B5CDCA-505C-4794-896D-DEFAFD80A747}
		{9DEC0D0B-C9DE-4489-B693-32B14038BE95} = {73AB458F-46D4-46F9-9411-E1FDF407F69F}
		{ECDE923C-8ED5-4FBD-B39F-1F9F195B6A65} = {73AB458F-46D4-46F9-9411-E1FDF407F69F}
		{06A25376-3BF8-49FF-A181-17380389FD15} = {C67CFBF4-5519-4B35-BA67-928A9FFDF0F4}
		{C4BC1CE2-062C-476E-8E29-023BCD5EBA48} = {C67CFBF4-5519-4B35-BA67-928A9FFDF0F4}
		{B16D7A32-006A-4F62-B4F6-F104BA223D2F} = {A72B82A0-3A52-45B8-88F1-A72B56E1539B}
		{C8313329-4FCE-49A0-9CDD-FFD9A91CB84A} = {A72B82A0-3A52-45B8-88F1-A72B56E1539B}
		{E337C52A-C599-432F-B94B-E0ACE18E095B} = {B16D7A32-006A-4F62-B4F6-F104BA223D2F}
		{6727FB04-C45F-4716-83D3-47B6514EE1FA} = {B16D7A32-006A-4F62-B4F6-F104BA223D2F}
		{DCB386DD-53F3-4822-BB47-335952B1C657} = {B16D7A32-006A-4F62-B4F6-F104BA223D2F}
		{266C89BD-EE25-4919-84D9-ED7330C9D660} = {E337C52A-C599-432F-B94B-E0ACE18E095B}
		{1913D7A3-625C-4FAE-B416-B8BB3FC17B3B} = {E337C52A-C599-432F-B94B-E0ACE18E095B}
		{CFD43833-1619-433C-83E6-87126B1CB3F3} = {266C89BD-EE25-4919-84D9-ED7330C9D660}
		{C477C15F-CE34-43F0-8700-9856EB5A310E} = {1913D7A3-625C-4FAE-B416-B8BB3FC17B3B}
		{D42C39D0-6FAE-4043-A36A-3B225A9FF520} = {1913D7A3-625C-4FAE-B416-B8BB3FC17B3B}
		{1603D4B3-A999-44BF-B2F3-30BEA516A967} = {1913D7A3-625C-4FAE-B416-B8BB3FC17B3B}
		{AE6DB8C7-9469-4BE2-88CE-CCB73AC053C5} = {1913D7A3-625C-4FAE-B416-B8BB3FC17B3B}
		{83404A58-49B4-42E4-B6B2-BDFB2C0F545A} = {06A25376-3BF8-49FF-A181-17380389FD15}
		{912FC63C-AB1B-4205-9B47-B7510B33DE27} = {06A25376-3BF8-49FF-A181-17380389FD15}
		{8AD4E961-5225-4ABE-ADD0-1218FF4DD112} = {912FC63C-AB1B-4205-9B47-B7510B33DE27}
		{C02F4828-D591-4645-AA98-01DFF897449F} = {912FC63C-AB1B-4205-9B47-B7510B33DE27}
		{246AE8A0-BD47-4C3B-962D-B688F9A3B94B} = {912FC63C-AB1B-4205-9B47-B7510B33DE27}
		{0A3F0E78-D784-4EB3-BDF7-27D8A02C9ACC} = {83404A58-49B4-42E4-B6B2-BDFB2C0F545A}
		{B00ED1C8-95A5-4BB8-B614-AF01A9D3CDBD} = {8AD4E961-5225-4ABE-ADD0-1218FF4DD112}
		{DB2C12F1-5560-4D1E-96BD-8D18F42E365E} = {8AD4E961-5225-4ABE-ADD0-1218FF4DD112}
		{BB991667-2CCA-4D4F-9F02-0AB2D802A08E} = {C02F4828-D591-4645-AA98-01DFF897449F}
		{8699350F-7487-4A71-98E4-D905C009A78D} = {246AE8A0-BD47-4C3B-962D-B688F9A3B94B}
		{9ACC9391-82C8-499D-9728-8C1E08F56D2C} = {246AE8A0-BD47-4C3B-962D-B688F9A3B94B}
		{0F8CA26E-F8B8-46AA-8480-C539AF9B1F1A} = {246AE8A0-BD47-4C3B-962D-B688F9A3B94B}
		{68A7DCDB-F46F-4A2D-993B-A6FEB2CAE702} = {246AE8A0-BD47-4C3B-962D-B688F9A3B94B}
		{97155D08-E9BA-4A6F-91B9-11C6A6D6F0D1} = {C4BC1CE2-062C-476E-8E29-023BCD5EBA48}
		{20E8DF0D-D96E-49C4-A684-D915301895E2} = {ECDE923C-8ED5-4FBD-B39F-1F9F195B6A65}
		{D5906D7B-0C40-4C0B-940D-7419FA5E85CE} = {ECDE923C-8ED5-4FBD-B39F-1F9F195B6A65}
		{79443717-EF4A-4F45-93A2-3B3DCA7161EE} = {C8313329-4FCE-49A0-9CDD-FFD9A91CB84A}
		{424CD13C-078C-4493-84CF-C4C27B04231B} = {1913D7A3-625C-4FAE-B416-B8BB3FC17B3B}
		{717CD14F-ADB4-4C0E-8AB2-4FA20374A101} = {266C89BD-EE25-4919-84D9-ED7330C9D660}
		{1E570B10-FDC9-4D6C-863B-BEAD935F92DD} = {220CDAAE-8FEF-436B-9691-9098A5A510C6}
		{CAC5D1ED-36F3-4DFD-B939-A6A1EDA5A1C7} = {9DEC0D0B-C9DE-4489-B693-32B14038BE95}
		{479523B3-AB5E-434D-82B3-12C48E3A18F4} = {ECDE923C-8ED5-4FBD-B39F-1F9F195B6A65}
		{612006C3-C9A8-4C3D-A3B5-A7600857C257} = {1913D7A3-625C-4FAE-B416-B8BB3FC17B3B}
		{CBE3ABE8-D98E-4E8B-A9CA-3B5F8FF0A312} = {1913D7A3-625C-4FAE-B416-B8BB3FC17B3B}
		{220CDAAE-8FEF-436B-9691-9098A5A510C6} = {E337C52A-C599-432F-B94B-E0ACE18E095B}
		{24B8B155-4BFE-49C9-BC62-29EC9E0A748C} = {C02F4828-D591-4645-AA98-01DFF897449F}
		{624D5CF0-49CF-4632-BED1-A59DBA8E9A66} = {C02F4828-D591-4645-AA98-01DFF897449F}
		{07AC7517-BD2B-4748-9C83-9B4BF5A2E888} = {B7B5CDCA-505C-4794-896D-DEFAFD80A747}
		{1DA1D871-10CB-40EE-85D2-3671EA306721} = {ECDE923C-8ED5-4FBD-B39F-1F9F195B6A65}
		{1E42C23F-D9DB-4565-A77F-AC17106FC812} = {B7B5CDCA-505C-4794-896D-DEFAFD80A747}
	EndGlobalSection
EndGlobal
